
Microsoft Visual Studio Solution File, Format Version 12.00
# Visual Studio 15
VisualStudioVersion = 15.0.27004.2006
MinimumVisualStudioVersion = 10.0.40219.1
Project("{FAE04EC0-301F-11D3-BF4B-00C04F79EFBC}") = "3001HW", "3001HW\3001HW.csproj", "{9F228668-E3A8-4DD1-9207-C70D0681D31F}"
EndProject
Global
	GlobalSection(SolutionConfigurationPlatforms) = preSolution
		Debug|Any CPU = Debug|Any CPU
		Release|Any CPU = Release|Any CPU
	EndGlobalSection
	GlobalSection(ProjectConfigurationPlatforms) = postSolution
		{9F228668-E3A8-4DD1-9207-C70D0681D31F}.Debug|Any CPU.ActiveCfg = Debug|Any CPU
		{9F228668-E3A8-4DD1-9207-C70D0681D31F}.Debug|Any CPU.Build.0 = Debug|Any CPU
		{9F228668-E3A8-4DD1-9207-C70D0681D31F}.Release|Any CPU.ActiveCfg = Release|Any CPU
		{9F228668-E3A8-4DD1-9207-C70D0681D31F}.Release|Any CPU.Build.0 = Release|Any CPU
	EndGlobalSection
	GlobalSection(SolutionProperties) = preSolution
		HideSolutionNode = FALSE
	EndGlobalSection
	GlobalSection(ExtensibilityGlobals) = postSolution
		SolutionGuid = {E19C6C1A-CF25-4D66-9894-901B12458FE1}
	EndGlobalSection
EndGlobal
